<?xml version="1.0" encoding="utf-8"?>
<Project ToolsVersion="4.0" xmlns="http://schemas.microsoft.com/developer/msbuild/2003">
  <ItemGroup>
    <Filter Include="win32">
      <UniqueIdentifier>{84a8ebd7-7cf0-47f6-b75e-d441df67da40}</UniqueIdentifier>
    </Filter>
    <Filter Include="resource">
      <UniqueIdentifier>{715254bc-d70b-4ec5-bf29-467dd3ace079}</UniqueIdentifier>
    </Filter>
    <Filter Include="src">
      <UniqueIdentifier>{bb6c862e-70e9-49d9-81b7-3829a6f50471}</UniqueIdentifier>
    </Filter>
    <Filter Include="src\model">
      <UniqueIdentifier>{aef73719-bc8d-4010-afd5-eca07c28d1bc}</UniqueIdentifier>
    </Filter>
    <Filter Include="src\controllers">
      <UniqueIdentifier>{c92274e2-15d8-45dc-bdc8-79bf7a0e2c9d}</UniqueIdentifier>
    </Filter>
    <Filter Include="src\managers">
      <UniqueIdentifier>{d148772b-7864-4c5e-aa12-3c88efdbfa4c}</UniqueIdentifier>
    </Filter>
    <Filter Include="src\views">
      <UniqueIdentifier>{0221e334-9fdd-4756-85ae-e7385cbac1b5}</UniqueIdentifier>
    </Filter>
    <Filter Include="src\services">
      <UniqueIdentifier>{77d120f1-6201-4a5f-ac35-7226be288eef}</UniqueIdentifier>
    </Filter>
    <Filter Include="src\utils">
      <UniqueIdentifier>{ea4e5c41-0a71-49af-a0a1-f662ce94e2fb}</UniqueIdentifier>
    </Filter>
    <Filter Include="src\configs">
      <UniqueIdentifier>{5ca718d2-721b-46b8-8143-51a4562802bd}</UniqueIdentifier>
    </Filter>
    <Filter Include="src\configs\models">
      <UniqueIdentifier>{b27c8087-d1a1-4481-9a7d-970602ccf460}</UniqueIdentifier>
    </Filter>
    <Filter Include="src\configs\loaders">
      <UniqueIdentifier>{315d0bce-2587-48b4-877e-5d5d3868d5f2}</UniqueIdentifier>
    </Filter>
  </ItemGroup>
  <ItemGroup>
    <ClCompile Include="main.cpp">
      <Filter>win32</Filter>
    </ClCompile>
    <ClCompile Include="..\Classes\AppDelegate.cpp">
      <Filter>src</Filter>
    </ClCompile>
    <ClCompile Include="..\Classes\views\GameScene.cpp">
      <Filter>src\views</Filter>
    </ClCompile>
    <ClCompile Include="..\Classes\views\HelloWorldScene.cpp">
      <Filter>src\views</Filter>
    </ClCompile>
    <ClCompile Include="..\Classes\services\LevelConfigLoader.cpp">
      <Filter>src\services</Filter>
    </ClCompile>
    <ClCompile Include="..\Classes\controllers\GameController.cpp">
      <Filter>src\controllers</Filter>
    </ClCompile>
    <ClCompile Include="..\Classes\services\GameModelFromLevelGenerator.cpp">
      <Filter>src\services</Filter>
    </ClCompile>
    <ClCompile Include="..\Classes\controllers\PlayFieldController.cpp">
      <Filter>src\controllers</Filter>
    </ClCompile>
    <ClCompile Include="..\Classes\controllers\StackController.cpp">
      <Filter>src\controllers</Filter>
    </ClCompile>
    <ClCompile Include="..\Classes\services\UndoManager.cpp">
      <Filter>src\services</Filter>
    </ClCompile>
  </ItemGroup>
  <ItemGroup>
    <ClInclude Include="main.h">
      <Filter>win32</Filter>
    </ClInclude>
    <ClInclude Include="..\Classes\AppDelegate.h">
      <Filter>src</Filter>
    </ClInclude>
    <ClInclude Include="..\Classes\views\GameScene.h">
      <Filter>src\views</Filter>
    </ClInclude>
    <ClInclude Include="..\Classes\views\HelloWorldScene.h">
      <Filter>src\views</Filter>
    </ClInclude>
    <ClInclude Include="..\Classes\configs\models\LevelConfig.h">
      <Filter>src\configs\models</Filter>
    </ClInclude>
    <ClInclude Include="..\Classes\configs\models\CardResConfig.h">
      <Filter>src\configs\models</Filter>
    </ClInclude>
    <ClInclude Include="..\Classes\configs\loaders\LevelConfigLoader.h">
      <Filter>src\configs\loaders</Filter>
    </ClInclude>
    <ClInclude Include="..\Classes\models\CardModel.h">
      <Filter>src\model</Filter>
    </ClInclude>
    <ClInclude Include="..\Classes\models\GameModel.h">
      <Filter>src\model</Filter>
    </ClInclude>
    <ClInclude Include="..\Classes\controllers\GameController.h">
      <Filter>src\controllers</Filter>
    </ClInclude>
    <ClInclude Include="..\Classes\services\GameModelFromLevelGenerator.h">
      <Filter>src\services</Filter>
    </ClInclude>
    <ClInclude Include="..\Classes\controllers\PlayFieldController.h">
      <Filter>src\controllers</Filter>
    </ClInclude>
    <ClInclude Include="..\Classes\controllers\StackController.h">
      <Filter>src\controllers</Filter>
    </ClInclude>
    <ClInclude Include="..\Classes\models\UndoModel.h">
      <Filter>src\model</Filter>
    </ClInclude>
    <ClInclude Include="..\Classes\managers\UndoManager.h">
      <Filter>src\managers</Filter>
    </ClInclude>
    <ClInclude Include="..\Classes\configs\models\Params.h">
      <Filter>src\configs\models</Filter>
    </ClInclude>
  </ItemGroup>
  <ItemGroup>
    <ResourceCompile Include="game.rc">
      <Filter>resource</Filter>
    </ResourceCompile>
  </ItemGroup>
</Project>